
Microsoft Visual Studio Solution File, Format Version 12.00
# Visual Studio Version 17
VisualStudioVersion = 17.4.33110.190
MinimumVisualStudioVersion = 10.0.40219.1
Project("{FAE04EC0-301F-11D3-BF4B-00C04F79EFBC}") = "Chocolate_production_version2", "Chocolate_production_version2\Chocolate_production_version2.csproj", "{CE1A0E20-FAAE-4ACB-94F0-8C2DB0912509}"
EndProject
Global
	GlobalSection(SolutionConfigurationPlatforms) = preSolution
		Debug|Any CPU = Debug|Any CPU
		Release|Any CPU = Release|Any CPU
	EndGlobalSection
	GlobalSection(ProjectConfigurationPlatforms) = postSolution
		{CE1A0E20-FAAE-4ACB-94F0-8C2DB0912509}.Debug|Any CPU.ActiveCfg = Debug|Any CPU
		{CE1A0E20-FAAE-4ACB-94F0-8C2DB0912509}.Debug|Any CPU.Build.0 = Debug|Any CPU
		{CE1A0E20-FAAE-4ACB-94F0-8C2DB0912509}.Release|Any CPU.ActiveCfg = Release|Any CPU
		{CE1A0E20-FAAE-4ACB-94F0-8C2DB0912509}.Release|Any CPU.Build.0 = Release|Any CPU
	EndGlobalSection
	GlobalSection(SolutionProperties) = preSolution
		HideSolutionNode = FALSE
	EndGlobalSection
	GlobalSection(ExtensibilityGlobals) = postSolution
		SolutionGuid = {CB8CDC29-BEEC-444B-B85B-30B8B40BAF3A}
	EndGlobalSection
EndGlobal
